
Microsoft Visual Studio Solution File, Format Version 12.00
# Visual Studio Version 16
VisualStudioVersion = 16.0.30711.63
MinimumVisualStudioVersion = 10.0.40219.1
Project("{8BC9CEB8-8B4A-11D0-8D11-00A0C91BC942}") = "CosmicEncounter", "CosmicEncounter.vcxproj", "{AD7198CC-03F4-4CCB-BEB2-4B11DDEBF126}"
EndProject
Project("{8BC9CEB8-8B4A-11D0-8D11-00A0C91BC942}") = "Geometry", "Geometry\Geometry.vcxproj", "{4609AC74-4ED4-4CFB-A8A2-9A409B802909}"
EndProject
Global
	GlobalSection(SolutionConfigurationPlatforms) = preSolution
		Debug|x64 = Debug|x64
		Debug|x86 = Debug|x86
		Release|x64 = Release|x64
		Release|x86 = Release|x86
	EndGlobalSection
	GlobalSection(ProjectConfigurationPlatforms) = postSolution
		{AD7198CC-03F4-4CCB-BEB2-4B11DDEBF126}.Debug|x64.ActiveCfg = Debug|x64
		{AD7198CC-03F4-4CCB-BEB2-4B11DDEBF126}.Debug|x64.Build.0 = Debug|x64
		{AD7198CC-03F4-4CCB-BEB2-4B11DDEBF126}.Debug|x86.ActiveCfg = Debug|Win32
		{AD7198CC-03F4-4CCB-BEB2-4B11DDEBF126}.Debug|x86.Build.0 = Debug|Win32
		{AD7198CC-03F4-4CCB-BEB2-4B11DDEBF126}.Release|x64.ActiveCfg = Release|x64
		{AD7198CC-03F4-4CCB-BEB2-4B11DDEBF126}.Release|x64.Build.0 = Release|x64
		{AD7198CC-03F4-4CCB-BEB2-4B11DDEBF126}.Release|x86.ActiveCfg = Release|Win32
		{AD7198CC-03F4-4CCB-BEB2-4B11DDEBF126}.Release|x86.Build.0 = Release|Win32
		{4609AC74-4ED4-4CFB-A8A2-9A409B802909}.Debug|x64.ActiveCfg = Debug|x64
		{4609AC74-4ED4-4CFB-A8A2-9A409B802909}.Debug|x64.Build.0 = Debug|x64
		{4609AC74-4ED4-4CFB-A8A2-9A409B802909}.Debug|x86.ActiveCfg = Debug|Win32
		{4609AC74-4ED4-4CFB-A8A2-9A409B802909}.Debug|x86.Build.0 = Debug|Win32
		{4609AC74-4ED4-4CFB-A8A2-9A409B802909}.Release|x64.ActiveCfg = Release|x64
		{4609AC74-4ED4-4CFB-A8A2-9A409B802909}.Release|x64.Build.0 = Release|x64
		{4609AC74-4ED4-4CFB-A8A2-9A409B802909}.Release|x86.ActiveCfg = Release|Win32
		{4609AC74-4ED4-4CFB-A8A2-9A409B802909}.Release|x86.Build.0 = Release|Win32
	EndGlobalSection
	GlobalSection(SolutionProperties) = preSolution
		HideSolutionNode = FALSE
	EndGlobalSection
	GlobalSection(ExtensibilityGlobals) = postSolution
		SolutionGuid = {C3BD9C7F-F6FE-424E-A81A-8C3DCB10896D}
	EndGlobalSection
EndGlobal
