<?xml version="1.0" encoding="utf-8"?>
<Project ToolsVersion="4.0" xmlns="http://schemas.microsoft.com/developer/msbuild/2003">
  <ItemGroup>
    <Filter Include="Source Files">
      <UniqueIdentifier>{4FC737F1-C7A5-4376-A066-2A32D752A2FF}</UniqueIdentifier>
      <Extensions>cpp;c;cc;cxx;c++;cppm;ixx;def;odl;idl;hpj;bat;asm;asmx</Extensions>
    </Filter>
    <Filter Include="Header Files">
      <UniqueIdentifier>{93995380-89BD-4b04-88EB-625FBE52EBFB}</UniqueIdentifier>
      <Extensions>h;hh;hpp;hxx;h++;hm;inl;inc;ipp;xsd</Extensions>
    </Filter>
    <Filter Include="Resource Files">
      <UniqueIdentifier>{67DA6AB6-F800-4c08-8B7A-83BB121AAD01}</UniqueIdentifier>
      <Extensions>rc;ico;cur;bmp;dlg;rc2;rct;bin;rgs;gif;jpg;jpeg;jpe;resx;tiff;tif;png;wav;mfcribbon-ms</Extensions>
    </Filter>
    <Filter Include="Header Files\ECS">
      <UniqueIdentifier>{5b583faa-f3a8-47ad-8ac5-2385ca9978d7}</UniqueIdentifier>
    </Filter>
    <Filter Include="Source Files\ECS">
      <UniqueIdentifier>{74a26e9b-8832-4277-9be4-47d1d5190306}</UniqueIdentifier>
    </Filter>
    <Filter Include="Header Files\Engine">
      <UniqueIdentifier>{06179e20-2538-4158-9941-102a89ab8dfa}</UniqueIdentifier>
    </Filter>
    <Filter Include="Source Files\Engine">
      <UniqueIdentifier>{a7b33aec-4b80-4beb-9171-37807eeb10f8}</UniqueIdentifier>
    </Filter>
    <Filter Include="Header Files\Game">
      <UniqueIdentifier>{5f60c803-347c-488c-9153-64c088fb12df}</UniqueIdentifier>
    </Filter>
    <Filter Include="Header Files\Game\Components">
      <UniqueIdentifier>{6aa43122-bbf0-469e-a793-228c3f89cc73}</UniqueIdentifier>
    </Filter>
    <Filter Include="Header Files\Game\Systems">
      <UniqueIdentifier>{dfe46a8f-f95c-4fcd-aa1e-73b6e65f7460}</UniqueIdentifier>
    </Filter>
    <Filter Include="Source Files\Game">
      <UniqueIdentifier>{a53257db-7daf-45c2-91b4-8d88d9918cdc}</UniqueIdentifier>
    </Filter>
    <Filter Include="Source Files\Game\Systems">
      <UniqueIdentifier>{b24c7da6-5046-479b-a917-3d48dcac0c83}</UniqueIdentifier>
    </Filter>
    <Filter Include="Header Files\Engine\Assets">
      <UniqueIdentifier>{1425b552-099d-400a-9384-066026399e7c}</UniqueIdentifier>
    </Filter>
    <Filter Include="Source Files\Engine\Assets">
      <UniqueIdentifier>{2287a557-61ed-4c57-b373-8d92889e20ee}</UniqueIdentifier>
    </Filter>
    <Filter Include="Header Files\Game\Components\GFX">
      <UniqueIdentifier>{0a345a9e-efd4-4c6f-950b-e724fc5cee4f}</UniqueIdentifier>
    </Filter>
    <Filter Include="Header Files\Engine\Components">
      <UniqueIdentifier>{25542d7e-6e48-4b11-b35d-3ca1818fc501}</UniqueIdentifier>
    </Filter>
  </ItemGroup>
  <ItemGroup>
    <ClCompile Include="main.cpp">
      <Filter>Source Files</Filter>
    </ClCompile>
    <ClCompile Include="ECS\Filter.cpp">
      <Filter>Source Files\ECS</Filter>
    </ClCompile>
    <ClCompile Include="ECS\Entity.cpp">
      <Filter>Source Files\ECS</Filter>
    </ClCompile>
    <ClCompile Include="Engine\Game.cpp">
      <Filter>Source Files\Engine</Filter>
    </ClCompile>
    <ClCompile Include="Game\Systems\RenderPlayer.cpp">
      <Filter>Source Files\Game\Systems</Filter>
    </ClCompile>
    <ClCompile Include="Engine\Worker.cpp">
      <Filter>Source Files\Engine</Filter>
    </ClCompile>
    <ClCompile Include="Game\Systems\GFXRectRenderer.cpp">
      <Filter>Source Files\Game\Systems</Filter>
    </ClCompile>
    <ClCompile Include="Game\Systems\InputSystem.cpp">
      <Filter>Source Files\Game\Systems</Filter>
    </ClCompile>
    <ClCompile Include="Engine\Keyboard.cpp">
      <Filter>Source Files\Engine</Filter>
    </ClCompile>
    <ClCompile Include="Engine\Assets\Texture.cpp">
      <Filter>Source Files\Engine\Assets</Filter>
    </ClCompile>
    <ClCompile Include="Game\Systems\GFXTextureRenderer.cpp">
      <Filter>Source Files\Game\Systems</Filter>
    </ClCompile>
    <ClCompile Include="Game\Systems\GFXAnimationRenderer.cpp">
      <Filter>Source Files\Game\Systems</Filter>
    </ClCompile>
    <ClCompile Include="Game\Systems\Anchor.cpp">
      <Filter>Source Files\Game\Systems</Filter>
    </ClCompile>
    <ClCompile Include="Game\Systems\Remover.cpp">
      <Filter>Source Files\Game\Systems</Filter>
    </ClCompile>
    <ClCompile Include="Engine\EngineTime.cpp">
      <Filter>Source Files\Engine</Filter>
    </ClCompile>
  </ItemGroup>
  <ItemGroup>
    <ClInclude Include="resource.h">
      <Filter>Header Files</Filter>
    </ClInclude>
    <ClInclude Include="ECS\Common.h">
      <Filter>Header Files\ECS</Filter>
    </ClInclude>
    <ClInclude Include="ECS\Component.h">
      <Filter>Header Files\ECS</Filter>
    </ClInclude>
    <ClInclude Include="ECS\ECS.h">
      <Filter>Header Files\ECS</Filter>
    </ClInclude>
    <ClInclude Include="ECS\Entity.h">
      <Filter>Header Files\ECS</Filter>
    </ClInclude>
    <ClInclude Include="ECS\Filter.h">
      <Filter>Header Files\ECS</Filter>
    </ClInclude>
    <ClInclude Include="Engine\Game.h">
      <Filter>Header Files\Engine</Filter>
    </ClInclude>
    <ClInclude Include="Engine\Debug.h">
      <Filter>Header Files\Engine</Filter>
    </ClInclude>
    <ClInclude Include="Engine\Engine.h">
      <Filter>Header Files\Engine</Filter>
    </ClInclude>
    <ClInclude Include="Game\Components\Components.h">
      <Filter>Header Files\Game\Components</Filter>
    </ClInclude>
    <ClInclude Include="Game\Components\SimpleComponents.h">
      <Filter>Header Files\Game\Components</Filter>
    </ClInclude>
    <ClInclude Include="Game\Components\Tags.h">
      <Filter>Header Files\Game\Components</Filter>
    </ClInclude>
    <ClInclude Include="Game\Components\Stats.h">
      <Filter>Header Files\Game\Components</Filter>
    </ClInclude>
    <ClInclude Include="Game\Systems\RenderPlayer.h">
      <Filter>Header Files\Game\Systems</Filter>
    </ClInclude>
    <ClInclude Include="ECS\System.h">
      <Filter>Header Files\ECS</Filter>
    </ClInclude>
    <ClInclude Include="ECS\World.h">
      <Filter>Header Files\ECS</Filter>
    </ClInclude>
    <ClInclude Include="Game\Systems\RendererSystem.h">
      <Filter>Header Files\Game\Systems</Filter>
    </ClInclude>
    <ClInclude Include="Game\Components\GFX.h">
      <Filter>Header Files\Game\Components</Filter>
    </ClInclude>
    <ClInclude Include="Game\Systems\InputSystem.h">
      <Filter>Header Files\Game\Systems</Filter>
    </ClInclude>
    <ClInclude Include="Engine\Keyboard.h">
      <Filter>Header Files\Engine</Filter>
    </ClInclude>
    <ClInclude Include="Engine\Assets.h">
      <Filter>Header Files\Engine</Filter>
    </ClInclude>
    <ClInclude Include="Game\Systems\GFXRectRenderer.h">
      <Filter>Header Files\Game\Systems</Filter>
    </ClInclude>
    <ClInclude Include="Game\Systems\GFXTextureRenderer.h">
      <Filter>Header Files\Game\Systems</Filter>
    </ClInclude>
    <ClInclude Include="Game\Components\GFX\GFXAnimation.h">
      <Filter>Header Files\Game\Components\GFX</Filter>
    </ClInclude>
    <ClInclude Include="Engine\Worker.h">
      <Filter>Header Files\Engine</Filter>
    </ClInclude>
    <ClInclude Include="Engine\Assets\Texture.h">
      <Filter>Header Files\Engine\Assets</Filter>
    </ClInclude>
    <ClInclude Include="Game\Systems\Systems.h">
      <Filter>Header Files\Game\Systems</Filter>
    </ClInclude>
    <ClInclude Include="Game\Systems\GFXAnimationRenderer.h">
      <Filter>Header Files\Game\Systems</Filter>
    </ClInclude>
    <ClInclude Include="Game\Systems\Anchor.h">
      <Filter>Header Files\Game\Systems</Filter>
    </ClInclude>
    <ClInclude Include="Game\Systems\Remover.h">
      <Filter>Source Files\Game\Systems</Filter>
    </ClInclude>
    <ClInclude Include="TimeMeasure.h">
      <Filter>Header Files</Filter>
    </ClInclude>
    <ClInclude Include="Engine\EngineTime.h">
      <Filter>Header Files\Engine</Filter>
    </ClInclude>
    <ClInclude Include="Engine\Components\Physics.h">
      <Filter>Header Files\Engine\Components</Filter>
    </ClInclude>
    <ClInclude Include="Engine\Components.h">
      <Filter>Header Files\Engine</Filter>
    </ClInclude>
  </ItemGroup>
  <ItemGroup>
    <ResourceCompile Include="CosmicEncounter.rc">
      <Filter>Resource Files</Filter>
    </ResourceCompile>
  </ItemGroup>
</Project>